# This file was autogenerated by Stack.
# You should not edit this file by hand.
# For more information, please see the documentation at:
#   https://docs.haskellstack.org/en/stable/topics/lock_files

packages:
- completed:
    commit: 58cc9973835d945850e9b538afc2c54a993494ca
    git: https://github.com/klarasm/forsyde-atom.git
    name: forsyde-atom
    pantry-tree:
      sha256: eeb6191f178a01bd35ac833b8277ea8e458de68f38153403e9af7e99ec5f2f05
      size: 4663
    version: 0.3.2.0
  original:
    commit: 58cc9973835d945850e9b538afc2c54a993494ca
    git: https://github.com/klarasm/forsyde-atom.git
- completed:
    hackage: normaldistribution-1.1.0.3@sha256:2615b784c4112cbf6ffa0e2b55b76790290a9b9dff18a05d8c89aa374b213477,2160
    pantry-tree:
      sha256: 856818862d12df8b030fa9cfef2c4ffa604d06f0eb057498db245dfffcd60e3c
      size: 269
  original:
    hackage: normaldistribution-1.1.0.3
- completed:
    hackage: numbers-3000.2.0.2@sha256:fedb235e16f19ffb5dc40711738c29e231fae4ad608473880a1f59ba5f60829e,1757
    pantry-tree:
      sha256: 8b21054c6431e81d0cb58611caabc07feac8ef40854e5f72b553edddb72cee43
      size: 845
  original:
    hackage: numbers-3000.2.0.2
snapshots:
- completed:
    sha256: 45b164eaf5c16bd220d2c5d7ab9a66ca0cfbcde7753703a5cb3549172adde813
    size: 728959
    url: https://raw.githubusercontent.com/commercialhaskell/stackage-snapshots/master/lts/24/34.yaml
  original:
    url: https://raw.githubusercontent.com/commercialhaskell/stackage-snapshots/master/lts/24/34.yaml
